// !$*UTF8*$!
{
	archiveVersion = 1;
	classes = {
	};
	objectVersion = 50;
	objects = {

/* Begin PBXBuildFile section */
		0498E7A724BF1A93004E276C /* main.m in Sources */ = {isa = PBXBuildFile; fileRef = 0498E7A624BF1A93004E276C /* main.m */; };
		0498E7C924BF210D004E276C /* TPCircularBuffer+AudioBufferList.c in Sources */ = {isa = PBXBuildFile; fileRef = 0498E7AF24BF210D004E276C /* TPCircularBuffer+AudioBufferList.c */; };
		0498E7CA24BF210D004E276C /* TPCircularBuffer.c in Sources */ = {isa = PBXBuildFile; fileRef = 0498E7B024BF210D004E276C /* TPCircularBuffer.c */; };
		0498E7CB24BF210D004E276C /* libopus.a in Frameworks */ = {isa = PBXBuildFile; fileRef = 0498E7BB24BF210D004E276C /* libopus.a */; };
		0498E7CC24BF210E004E276C /* OKUtilities.m in Sources */ = {isa = PBXBuildFile; fileRef = 0498E7C024BF210D004E276C /* OKUtilities.m */; };
		0498E7CD24BF210E004E276C /* OKDecoder.m in Sources */ = {isa = PBXBuildFile; fileRef = 0498E7C124BF210D004E276C /* OKDecoder.m */; };
		0498E7CE24BF210E004E276C /* OKEncoder.m in Sources */ = {isa = PBXBuildFile; fileRef = 0498E7C324BF210D004E276C /* OKEncoder.m */; };
		0498E7CF24BF210E004E276C /* OpusKit.m in Sources */ = {isa = PBXBuildFile; fileRef = 0498E7C424BF210D004E276C /* OpusKit.m */; };
		0498E7D024BF210E004E276C /* OKPacket.m in Sources */ = {isa = PBXBuildFile; fileRef = 0498E7C524BF210D004E276C /* OKPacket.m */; };
		0498E7D124BF210E004E276C /* OKCodec.m in Sources */ = {isa = PBXBuildFile; fileRef = 0498E7C624BF210D004E276C /* OKCodec.m */; };
		0498E7DA24BF2292004E276C /* AudioController.m in Sources */ = {isa = PBXBuildFile; fileRef = 0498E7D924BF2292004E276C /* AudioController.m */; };
		0498E7DB24C14A64004E276C /* EZAudioOSX.framework in Frameworks */ = {isa = PBXBuildFile; fileRef = 0498E7D324BF2248004E276C /* EZAudioOSX.framework */; };
/* End PBXBuildFile section */

/* Begin PBXCopyFilesBuildPhase section */
		0498E7A124BF1A93004E276C /* CopyFiles */ = {
			isa = PBXCopyFilesBuildPhase;
			buildActionMask = 2147483647;
			dstPath = /usr/share/man/man1/;
			dstSubfolderSpec = 0;
			files = (
			);
			runOnlyForDeploymentPostprocessing = 1;
		};
/* End PBXCopyFilesBuildPhase section */

/* Begin PBXFileReference section */
		0498E7A324BF1A93004E276C /* SiriRemoteVoiceControl */ = {isa = PBXFileReference; explicitFileType = "compiled.mach-o.executable"; includeInIndex = 0; path = SiriRemoteVoiceControl; sourceTree = BUILT_PRODUCTS_DIR; };
		0498E7A624BF1A93004E276C /* main.m */ = {isa = PBXFileReference; lastKnownFileType = sourcecode.c.objc; path = main.m; sourceTree = "<group>"; };
		0498E7AE24BF210D004E276C /* TPCircularBuffer.h */ = {isa = PBXFileReference; fileEncoding = 4; lastKnownFileType = sourcecode.c.h; path = TPCircularBuffer.h; sourceTree = "<group>"; };
		0498E7AF24BF210D004E276C /* TPCircularBuffer+AudioBufferList.c */ = {isa = PBXFileReference; fileEncoding = 4; lastKnownFileType = sourcecode.c.c; path = "TPCircularBuffer+AudioBufferList.c"; sourceTree = "<group>"; };
		0498E7B024BF210D004E276C /* TPCircularBuffer.c */ = {isa = PBXFileReference; fileEncoding = 4; lastKnownFileType = sourcecode.c.c; path = TPCircularBuffer.c; sourceTree = "<group>"; };
		0498E7B124BF210D004E276C /* TPCircularBuffer+AudioBufferList.h */ = {isa = PBXFileReference; fileEncoding = 4; lastKnownFileType = sourcecode.c.h; path = "TPCircularBuffer+AudioBufferList.h"; sourceTree = "<group>"; };
		0498E7B524BF210D004E276C /* opus.h */ = {isa = PBXFileReference; fileEncoding = 4; lastKnownFileType = sourcecode.c.h; path = opus.h; sourceTree = "<group>"; };
		0498E7B624BF210D004E276C /* opus_multistream.h */ = {isa = PBXFileReference; fileEncoding = 4; lastKnownFileType = sourcecode.c.h; path = opus_multistream.h; sourceTree = "<group>"; };
		0498E7B724BF210D004E276C /* opus_types.h */ = {isa = PBXFileReference; fileEncoding = 4; lastKnownFileType = sourcecode.c.h; path = opus_types.h; sourceTree = "<group>"; };
		0498E7B824BF210D004E276C /* opus_defines.h */ = {isa = PBXFileReference; fileEncoding = 4; lastKnownFileType = sourcecode.c.h; path = opus_defines.h; sourceTree = "<group>"; };
		0498E7B924BF210D004E276C /* opus_projection.h */ = {isa = PBXFileReference; fileEncoding = 4; lastKnownFileType = sourcecode.c.h; path = opus_projection.h; sourceTree = "<group>"; };
		0498E7BB24BF210D004E276C /* libopus.a */ = {isa = PBXFileReference; lastKnownFileType = archive.ar; path = libopus.a; sourceTree = "<group>"; };
		0498E7BD24BF210D004E276C /* OKEncoder.h */ = {isa = PBXFileReference; fileEncoding = 4; lastKnownFileType = sourcecode.c.h; path = OKEncoder.h; sourceTree = "<group>"; };
		0498E7BE24BF210D004E276C /* OKPacket.h */ = {isa = PBXFileReference; fileEncoding = 4; lastKnownFileType = sourcecode.c.h; path = OKPacket.h; sourceTree = "<group>"; };
		0498E7BF24BF210D004E276C /* OpusKit.h */ = {isa = PBXFileReference; fileEncoding = 4; lastKnownFileType = sourcecode.c.h; path = OpusKit.h; sourceTree = "<group>"; };
		0498E7C024BF210D004E276C /* OKUtilities.m */ = {isa = PBXFileReference; fileEncoding = 4; lastKnownFileType = sourcecode.c.objc; path = OKUtilities.m; sourceTree = "<group>"; };
		0498E7C124BF210D004E276C /* OKDecoder.m */ = {isa = PBXFileReference; fileEncoding = 4; lastKnownFileType = sourcecode.c.objc; path = OKDecoder.m; sourceTree = "<group>"; };
		0498E7C224BF210D004E276C /* OKCodec.h */ = {isa = PBXFileReference; fileEncoding = 4; lastKnownFileType = sourcecode.c.h; path = OKCodec.h; sourceTree = "<group>"; };
		0498E7C324BF210D004E276C /* OKEncoder.m */ = {isa = PBXFileReference; fileEncoding = 4; lastKnownFileType = sourcecode.c.objc; path = OKEncoder.m; sourceTree = "<group>"; };
		0498E7C424BF210D004E276C /* OpusKit.m */ = {isa = PBXFileReference; fileEncoding = 4; lastKnownFileType = sourcecode.c.objc; path = OpusKit.m; sourceTree = "<group>"; };
		0498E7C524BF210D004E276C /* OKPacket.m */ = {isa = PBXFileReference; fileEncoding = 4; lastKnownFileType = sourcecode.c.objc; path = OKPacket.m; sourceTree = "<group>"; };
		0498E7C624BF210D004E276C /* OKCodec.m */ = {isa = PBXFileReference; fileEncoding = 4; lastKnownFileType = sourcecode.c.objc; path = OKCodec.m; sourceTree = "<group>"; };
		0498E7C724BF210D004E276C /* OKDecoder.h */ = {isa = PBXFileReference; fileEncoding = 4; lastKnownFileType = sourcecode.c.h; path = OKDecoder.h; sourceTree = "<group>"; };
		0498E7C824BF210D004E276C /* OKUtilities.h */ = {isa = PBXFileReference; fileEncoding = 4; lastKnownFileType = sourcecode.c.h; path = OKUtilities.h; sourceTree = "<group>"; };
		0498E7D324BF2248004E276C /* EZAudioOSX.framework */ = {isa = PBXFileReference; lastKnownFileType = wrapper.framework; path = EZAudioOSX.framework; sourceTree = "<group>"; };
		0498E7D824BF2292004E276C /* AudioController.h */ = {isa = PBXFileReference; fileEncoding = 4; lastKnownFileType = sourcecode.c.h; path = AudioController.h; sourceTree = "<group>"; };
		0498E7D924BF2292004E276C /* AudioController.m */ = {isa = PBXFileReference; fileEncoding = 4; lastKnownFileType = sourcecode.c.objc; path = AudioController.m; sourceTree = "<group>"; };
/* End PBXFileReference section */

/* Begin PBXFrameworksBuildPhase section */
		0498E7A024BF1A93004E276C /* Frameworks */ = {
			isa = PBXFrameworksBuildPhase;
			buildActionMask = 2147483647;
			files = (
				0498E7CB24BF210D004E276C /* libopus.a in Frameworks */,
				0498E7DB24C14A64004E276C /* EZAudioOSX.framework in Frameworks */,
			);
			runOnlyForDeploymentPostprocessing = 0;
		};
/* End PBXFrameworksBuildPhase section */

/* Begin PBXGroup section */
		0498E79A24BF1A93004E276C = {
			isa = PBXGroup;
			children = (
				0498E7A524BF1A93004E276C /* SiriRemoteVoiceControl */,
				0498E7A424BF1A93004E276C /* Products */,
				0498E7D224BF2248004E276C /* Frameworks */,
			);
			sourceTree = "<group>";
		};
		0498E7A424BF1A93004E276C /* Products */ = {
			isa = PBXGroup;
			children = (
				0498E7A324BF1A93004E276C /* SiriRemoteVoiceControl */,
			);
			name = Products;
			sourceTree = "<group>";
		};
		0498E7A524BF1A93004E276C /* SiriRemoteVoiceControl */ = {
			isa = PBXGroup;
			children = (
				0498E7D724BF2292004E276C /* EZAudio */,
				0498E7B224BF210D004E276C /* libopus */,
				0498E7BC24BF210D004E276C /* OpusKit */,
				0498E7AD24BF210D004E276C /* TPCircularBuffer */,
				0498E7A624BF1A93004E276C /* main.m */,
			);
			path = SiriRemoteVoiceControl;
			sourceTree = "<group>";
		};
		0498E7AD24BF210D004E276C /* TPCircularBuffer */ = {
			isa = PBXGroup;
			children = (
				0498E7AE24BF210D004E276C /* TPCircularBuffer.h */,
				0498E7AF24BF210D004E276C /* TPCircularBuffer+AudioBufferList.c */,
				0498E7B024BF210D004E276C /* TPCircularBuffer.c */,
				0498E7B124BF210D004E276C /* TPCircularBuffer+AudioBufferList.h */,
			);
			path = TPCircularBuffer;
			sourceTree = "<group>";
		};
		0498E7B224BF210D004E276C /* libopus */ = {
			isa = PBXGroup;
			children = (
				0498E7B324BF210D004E276C /* include */,
				0498E7BA24BF210D004E276C /* lib */,
			);
			path = libopus;
			sourceTree = "<group>";
		};
		0498E7B324BF210D004E276C /* include */ = {
			isa = PBXGroup;
			children = (
				0498E7B424BF210D004E276C /* opus */,
			);
			path = include;
			sourceTree = "<group>";
		};
		0498E7B424BF210D004E276C /* opus */ = {
			isa = PBXGroup;
			children = (
				0498E7B524BF210D004E276C /* opus.h */,
				0498E7B624BF210D004E276C /* opus_multistream.h */,
				0498E7B724BF210D004E276C /* opus_types.h */,
				0498E7B824BF210D004E276C /* opus_defines.h */,
				0498E7B924BF210D004E276C /* opus_projection.h */,
			);
			path = opus;
			sourceTree = "<group>";
		};
		0498E7BA24BF210D004E276C /* lib */ = {
			isa = PBXGroup;
			children = (
				0498E7BB24BF210D004E276C /* libopus.a */,
			);
			path = lib;
			sourceTree = "<group>";
		};
		0498E7BC24BF210D004E276C /* OpusKit */ = {
			isa = PBXGroup;
			children = (
				0498E7BD24BF210D004E276C /* OKEncoder.h */,
				0498E7BE24BF210D004E276C /* OKPacket.h */,
				0498E7BF24BF210D004E276C /* OpusKit.h */,
				0498E7C024BF210D004E276C /* OKUtilities.m */,
				0498E7C124BF210D004E276C /* OKDecoder.m */,
				0498E7C224BF210D004E276C /* OKCodec.h */,
				0498E7C324BF210D004E276C /* OKEncoder.m */,
				0498E7C424BF210D004E276C /* OpusKit.m */,
				0498E7C524BF210D004E276C /* OKPacket.m */,
				0498E7C624BF210D004E276C /* OKCodec.m */,
				0498E7C724BF210D004E276C /* OKDecoder.h */,
				0498E7C824BF210D004E276C /* OKUtilities.h */,
			);
			path = OpusKit;
			sourceTree = "<group>";
		};
		0498E7D224BF2248004E276C /* Frameworks */ = {
			isa = PBXGroup;
			children = (
				0498E7D324BF2248004E276C /* EZAudioOSX.framework */,
			);
			name = Frameworks;
			sourceTree = "<group>";
		};
		0498E7D724BF2292004E276C /* EZAudio */ = {
			isa = PBXGroup;
			children = (
				0498E7D824BF2292004E276C /* AudioController.h */,
				0498E7D924BF2292004E276C /* AudioController.m */,
			);
			path = EZAudio;
			sourceTree = "<group>";
		};
/* End PBXGroup section */

/* Begin PBXNativeTarget section */
		0498E7A224BF1A93004E276C /* SiriRemoteVoiceControl */ = {
			isa = PBXNativeTarget;
			buildConfigurationList = 0498E7AA24BF1A93004E276C /* Build configuration list for PBXNativeTarget "SiriRemoteVoiceControl" */;
			buildPhases = (
				0498E79F24BF1A93004E276C /* Sources */,
				0498E7A024BF1A93004E276C /* Frameworks */,
				0498E7A124BF1A93004E276C /* CopyFiles */,
			);
			buildRules = (
			);
			dependencies = (
			);
			name = SiriRemoteVoiceControl;
			productName = SiriRemoteVoiceControl;
			productReference = 0498E7A324BF1A93004E276C /* SiriRemoteVoiceControl */;
			productType = "com.apple.product-type.tool";
		};
/* End PBXNativeTarget section */

/* Begin PBXProject section */
		0498E79B24BF1A93004E276C /* Project object */ = {
			isa = PBXProject;
			attributes = {
				LastUpgradeCheck = 1150;
				ORGANIZATIONNAME = JackR1;
				TargetAttributes = {
					0498E7A224BF1A93004E276C = {
						CreatedOnToolsVersion = 11.5;
					};
				};
			};
			buildConfigurationList = 0498E79E24BF1A93004E276C /* Build configuration list for PBXProject "SiriRemoteVoiceControl" */;
			compatibilityVersion = "Xcode 9.3";
			developmentRegion = en;
			hasScannedForEncodings = 0;
			knownRegions = (
				en,
				Base,
			);
			mainGroup = 0498E79A24BF1A93004E276C;
			productRefGroup = 0498E7A424BF1A93004E276C /* Products */;
			projectDirPath = "";
			projectRoot = "";
			targets = (
				0498E7A224BF1A93004E276C /* SiriRemoteVoiceControl */,
			);
		};
/* End PBXProject section */

/* Begin PBXSourcesBuildPhase section */
		0498E79F24BF1A93004E276C /* Sources */ = {
			isa = PBXSourcesBuildPhase;
			buildActionMask = 2147483647;
			files = (
				0498E7DA24BF2292004E276C /* AudioController.m in Sources */,
				0498E7CF24BF210E004E276C /* OpusKit.m in Sources */,
				0498E7CA24BF210D004E276C /* TPCircularBuffer.c in Sources */,
				0498E7A724BF1A93004E276C /* main.m in Sources */,
				0498E7D124BF210E004E276C /* OKCodec.m in Sources */,
				0498E7CD24BF210E004E276C /* OKDecoder.m in Sources */,
				0498E7CC24BF210E004E276C /* OKUtilities.m in Sources */,
				0498E7CE24BF210E004E276C /* OKEncoder.m in Sources */,
				0498E7C924BF210D004E276C /* TPCircularBuffer+AudioBufferList.c in Sources */,
				0498E7D024BF210E004E276C /* OKPacket.m in Sources */,
			);
			runOnlyForDeploymentPostprocessing = 0;
		};
/* End PBXSourcesBuildPhase section */

/* Begin XCBuildConfiguration section */
		0498E7A824BF1A93004E276C /* Debug */ = {
			isa = XCBuildConfiguration;
			buildSettings = {
				ALWAYS_SEARCH_USER_PATHS = NO;
				CLANG_ANALYZER_NONNULL = YES;
				CLANG_ANALYZER_NUMBER_OBJECT_CONVERSION = YES_AGGRESSIVE;
				CLANG_CXX_LANGUAGE_STANDARD = "gnu++14";
				CLANG_CXX_LIBRARY = "libc++";
				CLANG_ENABLE_MODULES = YES;
				CLANG_ENABLE_OBJC_ARC = YES;
				CLANG_ENABLE_OBJC_WEAK = YES;
				CLANG_WARN_BLOCK_CAPTURE_AUTORELEASING = YES;
				CLANG_WARN_BOOL_CONVERSION = YES;
				CLANG_WARN_COMMA = YES;
				CLANG_WARN_CONSTANT_CONVERSION = YES;
				CLANG_WARN_DEPRECATED_OBJC_IMPLEMENTATIONS = YES;
				CLANG_WARN_DIRECT_OBJC_ISA_USAGE = YES_ERROR;
				CLANG_WARN_DOCUMENTATION_COMMENTS = YES;
				CLANG_WARN_EMPTY_BODY = YES;
				CLANG_WARN_ENUM_CONVERSION = YES;
				CLANG_WARN_INFINITE_RECURSION = YES;
				CLANG_WARN_INT_CONVERSION = YES;
				CLANG_WARN_NON_LITERAL_NULL_CONVERSION = YES;
				CLANG_WARN_OBJC_IMPLICIT_RETAIN_SELF = YES;
				CLANG_WARN_OBJC_LITERAL_CONVERSION = YES;
				CLANG_WARN_OBJC_ROOT_CLASS = YES_ERROR;
				CLANG_WARN_RANGE_LOOP_ANALYSIS = YES;
				CLANG_WARN_STRICT_PROTOTYPES = YES;
				CLANG_WARN_SUSPICIOUS_MOVE = YES;
				CLANG_WARN_UNGUARDED_AVAILABILITY = YES_AGGRESSIVE;
				CLANG_WARN_UNREACHABLE_CODE = YES;
				CLANG_WARN__DUPLICATE_METHOD_MATCH = YES;
				COPY_PHASE_STRIP = NO;
				DEBUG_INFORMATION_FORMAT = dwarf;
				ENABLE_STRICT_OBJC_MSGSEND = YES;
				ENABLE_TESTABILITY = YES;
				GCC_C_LANGUAGE_STANDARD = gnu11;
				GCC_DYNAMIC_NO_PIC = NO;
				GCC_NO_COMMON_BLOCKS = YES;
				GCC_OPTIMIZATION_LEVEL = 0;
				GCC_PREPROCESSOR_DEFINITIONS = (
					"DEBUG=1",
					"$(inherited)",
				);
				GCC_WARN_64_TO_32_BIT_CONVERSION = YES;
				GCC_WARN_ABOUT_RETURN_TYPE = YES_ERROR;
				GCC_WARN_UNDECLARED_SELECTOR = YES;
				GCC_WARN_UNINITIALIZED_AUTOS = YES_AGGRESSIVE;
				GCC_WARN_UNUSED_FUNCTION = YES;
				GCC_WARN_UNUSED_VARIABLE = YES;
				MACOSX_DEPLOYMENT_TARGET = 10.13;
				MTL_ENABLE_DEBUG_INFO = INCLUDE_SOURCE;
				MTL_FAST_MATH = YES;
				ONLY_ACTIVE_ARCH = YES;
				SDKROOT = macosx;
			};
			name = Debug;
		};
		0498E7A924BF1A93004E276C /* Release */ = {
			isa = XCBuildConfiguration;
			buildSettings = {
				ALWAYS_SEARCH_USER_PATHS = NO;
				CLANG_ANALYZER_NONNULL = YES;
				CLANG_ANALYZER_NUMBER_OBJECT_CONVERSION = YES_AGGRESSIVE;
				CLANG_CXX_LANGUAGE_STANDARD = "gnu++14";
				CLANG_CXX_LIBRARY = "libc++";
				CLANG_ENABLE_MODULES = YES;
				CLANG_ENABLE_OBJC_ARC = YES;
				CLANG_ENABLE_OBJC_WEAK = YES;
				CLANG_WARN_BLOCK_CAPTURE_AUTORELEASING = YES;
				CLANG_WARN_BOOL_CONVERSION = YES;
				CLANG_WARN_COMMA = YES;
				CLANG_WARN_CONSTANT_CONVERSION = YES;
				CLANG_WARN_DEPRECATED_OBJC_IMPLEMENTATIONS = YES;
				CLANG_WARN_DIRECT_OBJC_ISA_USAGE = YES_ERROR;
				CLANG_WARN_DOCUMENTATION_COMMENTS = YES;
				CLANG_WARN_EMPTY_BODY = YES;
				CLANG_WARN_ENUM_CONVERSION = YES;
				CLANG_WARN_INFINITE_RECURSION = YES;
				CLANG_WARN_INT_CONVERSION = YES;
				CLANG_WARN_NON_LITERAL_NULL_CONVERSION = YES;
				CLANG_WARN_OBJC_IMPLICIT_RETAIN_SELF = YES;
				CLANG_WARN_OBJC_LITERAL_CONVERSION = YES;
				CLANG_WARN_OBJC_ROOT_CLASS = YES_ERROR;
				CLANG_WARN_RANGE_LOOP_ANALYSIS = YES;
				CLANG_WARN_STRICT_PROTOTYPES = YES;
				CLANG_WARN_SUSPICIOUS_MOVE = YES;
				CLANG_WARN_UNGUARDED_AVAILABILITY = YES_AGGRESSIVE;
				CLANG_WARN_UNREACHABLE_CODE = YES;
				CLANG_WARN__DUPLICATE_METHOD_MATCH = YES;
				COPY_PHASE_STRIP = NO;
				DEBUG_INFORMATION_FORMAT = "dwarf-with-dsym";
				ENABLE_NS_ASSERTIONS = NO;
				ENABLE_STRICT_OBJC_MSGSEND = YES;
				GCC_C_LANGUAGE_STANDARD = gnu11;
				GCC_NO_COMMON_BLOCKS = YES;
				GCC_WARN_64_TO_32_BIT_CONVERSION = YES;
				GCC_WARN_ABOUT_RETURN_TYPE = YES_ERROR;
				GCC_WARN_UNDECLARED_SELECTOR = YES;
				GCC_WARN_UNINITIALIZED_AUTOS = YES_AGGRESSIVE;
				GCC_WARN_UNUSED_FUNCTION = YES;
				GCC_WARN_UNUSED_VARIABLE = YES;
				MACOSX_DEPLOYMENT_TARGET = 10.13;
				MTL_ENABLE_DEBUG_INFO = NO;
				MTL_FAST_MATH = YES;
				SDKROOT = macosx;
			};
			name = Release;
		};
		0498E7AB24BF1A93004E276C /* Debug */ = {
			isa = XCBuildConfiguration;
			buildSettings = {
				CODE_SIGN_STYLE = Automatic;
				FRAMEWORK_SEARCH_PATHS = (
					"$(inherited)",
					"$(PROJECT_DIR)",
				);
				LD_RUNPATH_SEARCH_PATHS = "@executable_path/Frameworks";
				LIBRARY_SEARCH_PATHS = (
					"$(inherited)",
					"$(PROJECT_DIR)/SiriRemoteVoiceControl/libopus/lib",
				);
				PRODUCT_NAME = "$(TARGET_NAME)";
			};
			name = Debug;
		};
		0498E7AC24BF1A93004E276C /* Release */ = {
			isa = XCBuildConfiguration;
			buildSettings = {
				CODE_SIGN_STYLE = Automatic;
				FRAMEWORK_SEARCH_PATHS = (
					"$(inherited)",
					"$(PROJECT_DIR)",
				);
				LD_RUNPATH_SEARCH_PATHS = "@executable_path/Frameworks";
				LIBRARY_SEARCH_PATHS = (
					"$(inherited)",
					"$(PROJECT_DIR)/SiriRemoteVoiceControl/libopus/lib",
				);
				PRODUCT_NAME = "$(TARGET_NAME)";
			};
			name = Release;
		};
/* End XCBuildConfiguration section */

/* Begin XCConfigurationList section */
		0498E79E24BF1A93004E276C /* Build configuration list for PBXProject "SiriRemoteVoiceControl" */ = {
			isa = XCConfigurationList;
			buildConfigurations = (
				0498E7A824BF1A93004E276C /* Debug */,
				0498E7A924BF1A93004E276C /* Release */,
			);
			defaultConfigurationIsVisible = 0;
			defaultConfigurationName = Release;
		};
		0498E7AA24BF1A93004E276C /* Build configuration list for PBXNativeTarget "SiriRemoteVoiceControl" */ = {
			isa = XCConfigurationList;
			buildConfigurations = (
				0498E7AB24BF1A93004E276C /* Debug */,
				0498E7AC24BF1A93004E276C /* Release */,
			);
			defaultConfigurationIsVisible = 0;
			defaultConfigurationName = Release;
		};
/* End XCConfigurationList section */
	};
	rootObject = 0498E79B24BF1A93004E276C /* Project object */;
}
